
Microsoft Visual Studio Solution File, Format Version 12.00
# Visual Studio Version 17
VisualStudioVersion = 17.10.34928.147
MinimumVisualStudioVersion = 10.0.40219.1
Project("{FAE04EC0-301F-11D3-BF4B-00C04F79EFBC}") = "StructsyEnum", "StructsyEnum\StructsyEnum.csproj", "{B7C590E0-E8C6-4545-8BCF-7AEA3DDAB7FD}"
EndProject
Global
	GlobalSection(SolutionConfigurationPlatforms) = preSolution
		Debug|Any CPU = Debug|Any CPU
		Release|Any CPU = Release|Any CPU
	EndGlobalSection
	GlobalSection(ProjectConfigurationPlatforms) = postSolution
		{B7C590E0-E8C6-4545-8BCF-7AEA3DDAB7FD}.Debug|Any CPU.ActiveCfg = Debug|Any CPU
		{B7C590E0-E8C6-4545-8BCF-7AEA3DDAB7FD}.Debug|Any CPU.Build.0 = Debug|Any CPU
		{B7C590E0-E8C6-4545-8BCF-7AEA3DDAB7FD}.Release|Any CPU.ActiveCfg = Release|Any CPU
		{B7C590E0-E8C6-4545-8BCF-7AEA3DDAB7FD}.Release|Any CPU.Build.0 = Release|Any CPU
	EndGlobalSection
	GlobalSection(SolutionProperties) = preSolution
		HideSolutionNode = FALSE
	EndGlobalSection
	GlobalSection(ExtensibilityGlobals) = postSolution
		SolutionGuid = {6CEF62E2-9BA9-4615-ADD1-454A879B6200}
	EndGlobalSection
EndGlobal
