
Microsoft Visual Studio Solution File, Format Version 12.00
# Visual Studio Version 17
VisualStudioVersion = 17.10.34928.147
MinimumVisualStudioVersion = 10.0.40219.1
Project("{FAE04EC0-301F-11D3-BF4B-00C04F79EFBC}") = "primeraPractica", "primeraPractica\primeraPractica.csproj", "{F390C25A-9719-4ABF-96C9-5A84AA4DA1F4}"
EndProject
Global
	GlobalSection(SolutionConfigurationPlatforms) = preSolution
		Debug|Any CPU = Debug|Any CPU
		Release|Any CPU = Release|Any CPU
	EndGlobalSection
	GlobalSection(ProjectConfigurationPlatforms) = postSolution
		{F390C25A-9719-4ABF-96C9-5A84AA4DA1F4}.Debug|Any CPU.ActiveCfg = Debug|Any CPU
		{F390C25A-9719-4ABF-96C9-5A84AA4DA1F4}.Debug|Any CPU.Build.0 = Debug|Any CPU
		{F390C25A-9719-4ABF-96C9-5A84AA4DA1F4}.Release|Any CPU.ActiveCfg = Release|Any CPU
		{F390C25A-9719-4ABF-96C9-5A84AA4DA1F4}.Release|Any CPU.Build.0 = Release|Any CPU
	EndGlobalSection
	GlobalSection(SolutionProperties) = preSolution
		HideSolutionNode = FALSE
	EndGlobalSection
	GlobalSection(ExtensibilityGlobals) = postSolution
		SolutionGuid = {441366B7-7F5B-4E60-8B38-D0B682E0E528}
	EndGlobalSection
EndGlobal
