
Microsoft Visual Studio Solution File, Format Version 12.00
# Visual Studio Version 17
VisualStudioVersion = 17.10.34928.147
MinimumVisualStudioVersion = 10.0.40219.1
Project("{FAE04EC0-301F-11D3-BF4B-00C04F79EFBC}") = "Practrica Metodos", "Practrica Metodos\Practrica Metodos.csproj", "{36A1A59E-7A9F-4AA5-8854-C282605DC9EB}"
EndProject
Global
	GlobalSection(SolutionConfigurationPlatforms) = preSolution
		Debug|Any CPU = Debug|Any CPU
		Release|Any CPU = Release|Any CPU
	EndGlobalSection
	GlobalSection(ProjectConfigurationPlatforms) = postSolution
		{36A1A59E-7A9F-4AA5-8854-C282605DC9EB}.Debug|Any CPU.ActiveCfg = Debug|Any CPU
		{36A1A59E-7A9F-4AA5-8854-C282605DC9EB}.Debug|Any CPU.Build.0 = Debug|Any CPU
		{36A1A59E-7A9F-4AA5-8854-C282605DC9EB}.Release|Any CPU.ActiveCfg = Release|Any CPU
		{36A1A59E-7A9F-4AA5-8854-C282605DC9EB}.Release|Any CPU.Build.0 = Release|Any CPU
	EndGlobalSection
	GlobalSection(SolutionProperties) = preSolution
		HideSolutionNode = FALSE
	EndGlobalSection
	GlobalSection(ExtensibilityGlobals) = postSolution
		SolutionGuid = {96529D70-8EA8-492A-B086-9408DE7114FE}
	EndGlobalSection
EndGlobal
