
Microsoft Visual Studio Solution File, Format Version 12.00
# Visual Studio Version 17
VisualStudioVersion = 17.10.34928.147
MinimumVisualStudioVersion = 10.0.40219.1
Project("{FAE04EC0-301F-11D3-BF4B-00C04F79EFBC}") = "usoWhile22", "usoWhile22\usoWhile22.csproj", "{1AD6124A-72BA-4471-ABBE-6D47904E3942}"
EndProject
Global
	GlobalSection(SolutionConfigurationPlatforms) = preSolution
		Debug|Any CPU = Debug|Any CPU
		Release|Any CPU = Release|Any CPU
	EndGlobalSection
	GlobalSection(ProjectConfigurationPlatforms) = postSolution
		{1AD6124A-72BA-4471-ABBE-6D47904E3942}.Debug|Any CPU.ActiveCfg = Debug|Any CPU
		{1AD6124A-72BA-4471-ABBE-6D47904E3942}.Debug|Any CPU.Build.0 = Debug|Any CPU
		{1AD6124A-72BA-4471-ABBE-6D47904E3942}.Release|Any CPU.ActiveCfg = Release|Any CPU
		{1AD6124A-72BA-4471-ABBE-6D47904E3942}.Release|Any CPU.Build.0 = Release|Any CPU
	EndGlobalSection
	GlobalSection(SolutionProperties) = preSolution
		HideSolutionNode = FALSE
	EndGlobalSection
	GlobalSection(ExtensibilityGlobals) = postSolution
		SolutionGuid = {5174E0B7-79DE-4D41-8966-AF7AFE7B8BCF}
	EndGlobalSection
EndGlobal
