
Microsoft Visual Studio Solution File, Format Version 12.00
# Visual Studio Version 17
VisualStudioVersion = 17.10.34928.147
MinimumVisualStudioVersion = 10.0.40219.1
Project("{FAE04EC0-301F-11D3-BF4B-00C04F79EFBC}") = "CondicionalIF", "CondicionalIF\CondicionalIF.csproj", "{F81C77BF-C494-4B80-911A-1092B6484DF1}"
EndProject
Global
	GlobalSection(SolutionConfigurationPlatforms) = preSolution
		Debug|Any CPU = Debug|Any CPU
		Release|Any CPU = Release|Any CPU
	EndGlobalSection
	GlobalSection(ProjectConfigurationPlatforms) = postSolution
		{F81C77BF-C494-4B80-911A-1092B6484DF1}.Debug|Any CPU.ActiveCfg = Debug|Any CPU
		{F81C77BF-C494-4B80-911A-1092B6484DF1}.Debug|Any CPU.Build.0 = Debug|Any CPU
		{F81C77BF-C494-4B80-911A-1092B6484DF1}.Release|Any CPU.ActiveCfg = Release|Any CPU
		{F81C77BF-C494-4B80-911A-1092B6484DF1}.Release|Any CPU.Build.0 = Release|Any CPU
	EndGlobalSection
	GlobalSection(SolutionProperties) = preSolution
		HideSolutionNode = FALSE
	EndGlobalSection
	GlobalSection(ExtensibilityGlobals) = postSolution
		SolutionGuid = {AF27E4E4-D204-41EF-A4A1-3DA79E2E6114}
	EndGlobalSection
EndGlobal
